
Microsoft Visual Studio Solution File, Format Version 12.00
# Visual Studio Version 16
VisualStudioVersion = 16.0.32002.261
MinimumVisualStudioVersion = 10.0.40219.1
Project("{9A19103F-16F7-4668-BE54-9A1E7A4F7556}") = "Business", "Business\Business.csproj", "{8619940C-C257-473D-B7A6-B50C44C9898B}"
EndProject
Project("{9A19103F-16F7-4668-BE54-9A1E7A4F7556}") = "KantarCore", "Core\KantarCore.csproj", "{712BBFD6-11B2-4256-B29C-ED0A45F227D1}"
EndProject
Project("{9A19103F-16F7-4668-BE54-9A1E7A4F7556}") = "DataAccess", "DataAccess\DataAccess.csproj", "{8BEB41A0-532C-4DAC-A204-D808A70154F0}"
EndProject
Project("{9A19103F-16F7-4668-BE54-9A1E7A4F7556}") = "Entities", "Entities\Entities.csproj", "{CD813802-0AA5-42A7-A637-A746C1DC9BC1}"
EndProject
Project("{9A19103F-16F7-4668-BE54-9A1E7A4F7556}") = "EsitKantarNewUI", "EsitKantarNewUI\EsitKantarNewUI.csproj", "{48CA1EB9-A16C-412A-9C71-18E5C7382344}"
EndProject
Global
	GlobalSection(SolutionConfigurationPlatforms) = preSolution
		Debug|Any CPU = Debug|Any CPU
		Release|Any CPU = Release|Any CPU
	EndGlobalSection
	GlobalSection(ProjectConfigurationPlatforms) = postSolution
		{8619940C-C257-473D-B7A6-B50C44C9898B}.Debug|Any CPU.ActiveCfg = Debug|Any CPU
		{8619940C-C257-473D-B7A6-B50C44C9898B}.Debug|Any CPU.Build.0 = Debug|Any CPU
		{8619940C-C257-473D-B7A6-B50C44C9898B}.Release|Any CPU.ActiveCfg = Release|Any CPU
		{8619940C-C257-473D-B7A6-B50C44C9898B}.Release|Any CPU.Build.0 = Release|Any CPU
		{712BBFD6-11B2-4256-B29C-ED0A45F227D1}.Debug|Any CPU.ActiveCfg = Debug|Any CPU
		{712BBFD6-11B2-4256-B29C-ED0A45F227D1}.Debug|Any CPU.Build.0 = Debug|Any CPU
		{712BBFD6-11B2-4256-B29C-ED0A45F227D1}.Release|Any CPU.ActiveCfg = Release|Any CPU
		{712BBFD6-11B2-4256-B29C-ED0A45F227D1}.Release|Any CPU.Build.0 = Release|Any CPU
		{8BEB41A0-532C-4DAC-A204-D808A70154F0}.Debug|Any CPU.ActiveCfg = Debug|Any CPU
		{8BEB41A0-532C-4DAC-A204-D808A70154F0}.Debug|Any CPU.Build.0 = Debug|Any CPU
		{8BEB41A0-532C-4DAC-A204-D808A70154F0}.Release|Any CPU.ActiveCfg = Release|Any CPU
		{8BEB41A0-532C-4DAC-A204-D808A70154F0}.Release|Any CPU.Build.0 = Release|Any CPU
		{CD813802-0AA5-42A7-A637-A746C1DC9BC1}.Debug|Any CPU.ActiveCfg = Debug|Any CPU
		{CD813802-0AA5-42A7-A637-A746C1DC9BC1}.Debug|Any CPU.Build.0 = Debug|Any CPU
		{CD813802-0AA5-42A7-A637-A746C1DC9BC1}.Release|Any CPU.ActiveCfg = Release|Any CPU
		{CD813802-0AA5-42A7-A637-A746C1DC9BC1}.Release|Any CPU.Build.0 = Release|Any CPU
		{48CA1EB9-A16C-412A-9C71-18E5C7382344}.Debug|Any CPU.ActiveCfg = Debug|Any CPU
		{48CA1EB9-A16C-412A-9C71-18E5C7382344}.Debug|Any CPU.Build.0 = Debug|Any CPU
		{48CA1EB9-A16C-412A-9C71-18E5C7382344}.Release|Any CPU.ActiveCfg = Release|Any CPU
		{48CA1EB9-A16C-412A-9C71-18E5C7382344}.Release|Any CPU.Build.0 = Release|Any CPU
	EndGlobalSection
	GlobalSection(SolutionProperties) = preSolution
		HideSolutionNode = FALSE
	EndGlobalSection
	GlobalSection(ExtensibilityGlobals) = postSolution
		SolutionGuid = {A3981527-8467-47CF-B60E-3347BD28AA95}
	EndGlobalSection
EndGlobal
